
Microsoft Visual Studio Solution File, Format Version 12.00
# Visual Studio Version 16
VisualStudioVersion = 16.0.30717.126
MinimumVisualStudioVersion = 10.0.40219.1
Project("{FAE04EC0-301F-11D3-BF4B-00C04F79EFBC}") = "valYOU", "valYOU\valYOU.csproj", "{281D32DE-33D1-4F62-B2D2-F60D39D8BC13}"
EndProject
Project("{FAE04EC0-301F-11D3-BF4B-00C04F79EFBC}") = "valYOU_UnitTest", "valYOU_UnitTest\valYOU_UnitTest.csproj", "{56696241-2549-4B79-A92C-64B0DFD8DDDC}"
EndProject
Global
	GlobalSection(SolutionConfigurationPlatforms) = preSolution
		Debug|Any CPU = Debug|Any CPU
		Release|Any CPU = Release|Any CPU
	EndGlobalSection
	GlobalSection(ProjectConfigurationPlatforms) = postSolution
		{281D32DE-33D1-4F62-B2D2-F60D39D8BC13}.Debug|Any CPU.ActiveCfg = Debug|Any CPU
		{281D32DE-33D1-4F62-B2D2-F60D39D8BC13}.Debug|Any CPU.Build.0 = Debug|Any CPU
		{281D32DE-33D1-4F62-B2D2-F60D39D8BC13}.Release|Any CPU.ActiveCfg = Release|Any CPU
		{281D32DE-33D1-4F62-B2D2-F60D39D8BC13}.Release|Any CPU.Build.0 = Release|Any CPU
		{56696241-2549-4B79-A92C-64B0DFD8DDDC}.Debug|Any CPU.ActiveCfg = Debug|Any CPU
		{56696241-2549-4B79-A92C-64B0DFD8DDDC}.Debug|Any CPU.Build.0 = Debug|Any CPU
		{56696241-2549-4B79-A92C-64B0DFD8DDDC}.Release|Any CPU.ActiveCfg = Release|Any CPU
		{56696241-2549-4B79-A92C-64B0DFD8DDDC}.Release|Any CPU.Build.0 = Release|Any CPU
	EndGlobalSection
	GlobalSection(SolutionProperties) = preSolution
		HideSolutionNode = FALSE
	EndGlobalSection
	GlobalSection(ExtensibilityGlobals) = postSolution
		SolutionGuid = {808EF9C2-0D0F-410A-B6F6-2CD7F4ECF579}
	EndGlobalSection
EndGlobal
